
Microsoft Visual Studio Solution File, Format Version 9.00
# Visual Studio 2005
Project("{8BC9CEB8-8B4A-11D0-8D11-00A0C91BC942}") = "open64", "open64.vcproj", "{EB78E568-8E1C-40A6-B4A2-A44D824C5703}"
EndProject
Global
	GlobalSection(SolutionConfigurationPlatforms) = preSolution
		targia32vs_nvisa|Win32 = targia32vs_nvisa|Win32
		targia32vs_nvisa_rel|Win32 = targia32vs_nvisa_rel|Win32
	EndGlobalSection
	GlobalSection(ProjectConfigurationPlatforms) = postSolution
		{EB78E568-8E1C-40A6-B4A2-A44D824C5703}.targia32vs_nvisa|Win32.ActiveCfg = targia32vs_nvisa|Win32
		{EB78E568-8E1C-40A6-B4A2-A44D824C5703}.targia32vs_nvisa|Win32.Build.0 = targia32vs_nvisa|Win32
		{EB78E568-8E1C-40A6-B4A2-A44D824C5703}.targia32vs_nvisa_rel|Win32.ActiveCfg = targia32vs_nvisa_rel|Win32
		{EB78E568-8E1C-40A6-B4A2-A44D824C5703}.targia32vs_nvisa_rel|Win32.Build.0 = targia32vs_nvisa_rel|Win32
	EndGlobalSection
	GlobalSection(SolutionProperties) = preSolution
		HideSolutionNode = FALSE
	EndGlobalSection
EndGlobal
